
Microsoft Visual Studio Solution File, Format Version 12.00
# Visual Studio Version 17
VisualStudioVersion = 17.1.32210.238
MinimumVisualStudioVersion = 10.0.40219.1
Project("{FAE04EC0-301F-11D3-BF4B-00C04F79EFBC}") = "MyConsoleApp", "MyConsoleApp\MyConsoleApp.csproj", "{EF597705-D068-47C5-ADA2-99472EA447B5}"
EndProject
Global
	GlobalSection(SolutionConfigurationPlatforms) = preSolution
		Debug|Any CPU = Debug|Any CPU
		Release|Any CPU = Release|Any CPU
	EndGlobalSection
	GlobalSection(ProjectConfigurationPlatforms) = postSolution
		{EF597705-D068-47C5-ADA2-99472EA447B5}.Debug|Any CPU.ActiveCfg = Debug|Any CPU
		{EF597705-D068-47C5-ADA2-99472EA447B5}.Debug|Any CPU.Build.0 = Debug|Any CPU
		{EF597705-D068-47C5-ADA2-99472EA447B5}.Release|Any CPU.ActiveCfg = Release|Any CPU
		{EF597705-D068-47C5-ADA2-99472EA447B5}.Release|Any CPU.Build.0 = Release|Any CPU
	EndGlobalSection
	GlobalSection(SolutionProperties) = preSolution
		HideSolutionNode = FALSE
	EndGlobalSection
	GlobalSection(ExtensibilityGlobals) = postSolution
		SolutionGuid = {4749177D-EACB-49F6-9420-B122197D0B05}
	EndGlobalSection
EndGlobal
